
Microsoft Visual Studio Solution File, Format Version 12.00
# Visual Studio Version 17
VisualStudioVersion = 17.0.31903.59
MinimumVisualStudioVersion = 10.0.40219.1
Project("{2150E333-8FDC-42A3-9474-1A3956D46DE8}") = "src", "src", "{827E0CD3-B72D-47B6-A68D-7590B98EB39B}"
EndProject
Project("{FAE04EC0-301F-11D3-BF4B-00C04F79EFBC}") = "WordCatcher.Core", "src\WordCatcher.Core\WordCatcher.Core.csproj", "{0C99BBC2-D5E5-4A8E-97DC-212E505DED4B}"
EndProject
Project("{FAE04EC0-301F-11D3-BF4B-00C04F79EFBC}") = "WordCatcher.Infrastructure", "src\WordCatcher.Infrastructure\WordCatcher.Infrastructure.csproj", "{6DB8D8AE-3C78-4551-AD42-1EED6D01876C}"
EndProject
Project("{FAE04EC0-301F-11D3-BF4B-00C04F79EFBC}") = "WordCatcher.App", "src\WordCatcher.App\WordCatcher.App.csproj", "{729E2808-1931-4D80-BD4B-10DA3318A9B7}"
EndProject
Project("{2150E333-8FDC-42A3-9474-1A3956D46DE8}") = "tests", "tests", "{0AB3BF05-4346-4AA6-1389-037BE0695223}"
EndProject
Project("{FAE04EC0-301F-11D3-BF4B-00C04F79EFBC}") = "WordCatcher.Core.Tests", "tests\WordCatcher.Core.Tests\WordCatcher.Core.Tests.csproj", "{89BDC062-6917-419A-BD43-B82DB3FC0923}"
EndProject
Project("{FAE04EC0-301F-11D3-BF4B-00C04F79EFBC}") = "WordCatcher.Infrastructure.Tests", "tests\WordCatcher.Infrastructure.Tests\WordCatcher.Infrastructure.Tests.csproj", "{D45609B4-C722-4BA8-94C5-CA91951A3EF9}"
EndProject
Global
	GlobalSection(SolutionConfigurationPlatforms) = preSolution
		Debug|Any CPU = Debug|Any CPU
		Debug|x64 = Debug|x64
		Debug|x86 = Debug|x86
		Release|Any CPU = Release|Any CPU
		Release|x64 = Release|x64
		Release|x86 = Release|x86
	EndGlobalSection
	GlobalSection(ProjectConfigurationPlatforms) = postSolution
		{0C99BBC2-D5E5-4A8E-97DC-212E505DED4B}.Debug|Any CPU.ActiveCfg = Debug|Any CPU
		{0C99BBC2-D5E5-4A8E-97DC-212E505DED4B}.Debug|Any CPU.Build.0 = Debug|Any CPU
		{0C99BBC2-D5E5-4A8E-97DC-212E505DED4B}.Debug|x64.ActiveCfg = Debug|Any CPU
		{0C99BBC2-D5E5-4A8E-97DC-212E505DED4B}.Debug|x64.Build.0 = Debug|Any CPU
		{0C99BBC2-D5E5-4A8E-97DC-212E505DED4B}.Debug|x86.ActiveCfg = Debug|Any CPU
		{0C99BBC2-D5E5-4A8E-97DC-212E505DED4B}.Debug|x86.Build.0 = Debug|Any CPU
		{0C99BBC2-D5E5-4A8E-97DC-212E505DED4B}.Release|Any CPU.ActiveCfg = Release|Any CPU
		{0C99BBC2-D5E5-4A8E-97DC-212E505DED4B}.Release|Any CPU.Build.0 = Release|Any CPU
		{0C99BBC2-D5E5-4A8E-97DC-212E505DED4B}.Release|x64.ActiveCfg = Release|Any CPU
		{0C99BBC2-D5E5-4A8E-97DC-212E505DED4B}.Release|x64.Build.0 = Release|Any CPU
		{0C99BBC2-D5E5-4A8E-97DC-212E505DED4B}.Release|x86.ActiveCfg = Release|Any CPU
		{0C99BBC2-D5E5-4A8E-97DC-212E505DED4B}.Release|x86.Build.0 = Release|Any CPU
		{6DB8D8AE-3C78-4551-AD42-1EED6D01876C}.Debug|Any CPU.ActiveCfg = Debug|Any CPU
		{6DB8D8AE-3C78-4551-AD42-1EED6D01876C}.Debug|Any CPU.Build.0 = Debug|Any CPU
		{6DB8D8AE-3C78-4551-AD42-1EED6D01876C}.Debug|x64.ActiveCfg = Debug|Any CPU
		{6DB8D8AE-3C78-4551-AD42-1EED6D01876C}.Debug|x64.Build.0 = Debug|Any CPU
		{6DB8D8AE-3C78-4551-AD42-1EED6D01876C}.Debug|x86.ActiveCfg = Debug|Any CPU
		{6DB8D8AE-3C78-4551-AD42-1EED6D01876C}.Debug|x86.Build.0 = Debug|Any CPU
		{6DB8D8AE-3C78-4551-AD42-1EED6D01876C}.Release|Any CPU.ActiveCfg = Release|Any CPU
		{6DB8D8AE-3C78-4551-AD42-1EED6D01876C}.Release|Any CPU.Build.0 = Release|Any CPU
		{6DB8D8AE-3C78-4551-AD42-1EED6D01876C}.Release|x64.ActiveCfg = Release|Any CPU
		{6DB8D8AE-3C78-4551-AD42-1EED6D01876C}.Release|x64.Build.0 = Release|Any CPU
		{6DB8D8AE-3C78-4551-AD42-1EED6D01876C}.Release|x86.ActiveCfg = Release|Any CPU
		{6DB8D8AE-3C78-4551-AD42-1EED6D01876C}.Release|x86.Build.0 = Release|Any CPU
		{729E2808-1931-4D80-BD4B-10DA3318A9B7}.Debug|Any CPU.ActiveCfg = Debug|Any CPU
		{729E2808-1931-4D80-BD4B-10DA3318A9B7}.Debug|Any CPU.Build.0 = Debug|Any CPU
		{729E2808-1931-4D80-BD4B-10DA3318A9B7}.Debug|x64.ActiveCfg = Debug|Any CPU
		{729E2808-1931-4D80-BD4B-10DA3318A9B7}.Debug|x64.Build.0 = Debug|Any CPU
		{729E2808-1931-4D80-BD4B-10DA3318A9B7}.Debug|x86.ActiveCfg = Debug|Any CPU
		{729E2808-1931-4D80-BD4B-10DA3318A9B7}.Debug|x86.Build.0 = Debug|Any CPU
		{729E2808-1931-4D80-BD4B-10DA3318A9B7}.Release|Any CPU.ActiveCfg = Release|Any CPU
		{729E2808-1931-4D80-BD4B-10DA3318A9B7}.Release|Any CPU.Build.0 = Release|Any CPU
		{729E2808-1931-4D80-BD4B-10DA3318A9B7}.Release|x64.ActiveCfg = Release|Any CPU
		{729E2808-1931-4D80-BD4B-10DA3318A9B7}.Release|x64.Build.0 = Release|Any CPU
		{729E2808-1931-4D80-BD4B-10DA3318A9B7}.Release|x86.ActiveCfg = Release|Any CPU
		{729E2808-1931-4D80-BD4B-10DA3318A9B7}.Release|x86.Build.0 = Release|Any CPU
		{89BDC062-6917-419A-BD43-B82DB3FC0923}.Debug|Any CPU.ActiveCfg = Debug|Any CPU
		{89BDC062-6917-419A-BD43-B82DB3FC0923}.Debug|Any CPU.Build.0 = Debug|Any CPU
		{89BDC062-6917-419A-BD43-B82DB3FC0923}.Debug|x64.ActiveCfg = Debug|Any CPU
		{89BDC062-6917-419A-BD43-B82DB3FC0923}.Debug|x64.Build.0 = Debug|Any CPU
		{89BDC062-6917-419A-BD43-B82DB3FC0923}.Debug|x86.ActiveCfg = Debug|Any CPU
		{89BDC062-6917-419A-BD43-B82DB3FC0923}.Debug|x86.Build.0 = Debug|Any CPU
		{89BDC062-6917-419A-BD43-B82DB3FC0923}.Release|Any CPU.ActiveCfg = Release|Any CPU
		{89BDC062-6917-419A-BD43-B82DB3FC0923}.Release|Any CPU.Build.0 = Release|Any CPU
		{89BDC062-6917-419A-BD43-B82DB3FC0923}.Release|x64.ActiveCfg = Release|Any CPU
		{89BDC062-6917-419A-BD43-B82DB3FC0923}.Release|x64.Build.0 = Release|Any CPU
		{89BDC062-6917-419A-BD43-B82DB3FC0923}.Release|x86.ActiveCfg = Release|Any CPU
		{89BDC062-6917-419A-BD43-B82DB3FC0923}.Release|x86.Build.0 = Release|Any CPU
		{D45609B4-C722-4BA8-94C5-CA91951A3EF9}.Debug|Any CPU.ActiveCfg = Debug|Any CPU
		{D45609B4-C722-4BA8-94C5-CA91951A3EF9}.Debug|Any CPU.Build.0 = Debug|Any CPU
		{D45609B4-C722-4BA8-94C5-CA91951A3EF9}.Debug|x64.ActiveCfg = Debug|Any CPU
		{D45609B4-C722-4BA8-94C5-CA91951A3EF9}.Debug|x64.Build.0 = Debug|Any CPU
		{D45609B4-C722-4BA8-94C5-CA91951A3EF9}.Debug|x86.ActiveCfg = Debug|Any CPU
		{D45609B4-C722-4BA8-94C5-CA91951A3EF9}.Debug|x86.Build.0 = Debug|Any CPU
		{D45609B4-C722-4BA8-94C5-CA91951A3EF9}.Release|Any CPU.ActiveCfg = Release|Any CPU
		{D45609B4-C722-4BA8-94C5-CA91951A3EF9}.Release|Any CPU.Build.0 = Release|Any CPU
		{D45609B4-C722-4BA8-94C5-CA91951A3EF9}.Release|x64.ActiveCfg = Release|Any CPU
		{D45609B4-C722-4BA8-94C5-CA91951A3EF9}.Release|x64.Build.0 = Release|Any CPU
		{D45609B4-C722-4BA8-94C5-CA91951A3EF9}.Release|x86.ActiveCfg = Release|Any CPU
		{D45609B4-C722-4BA8-94C5-CA91951A3EF9}.Release|x86.Build.0 = Release|Any CPU
	EndGlobalSection
	GlobalSection(SolutionProperties) = preSolution
		HideSolutionNode = FALSE
	EndGlobalSection
	GlobalSection(NestedProjects) = preSolution
		{0C99BBC2-D5E5-4A8E-97DC-212E505DED4B} = {827E0CD3-B72D-47B6-A68D-7590B98EB39B}
		{6DB8D8AE-3C78-4551-AD42-1EED6D01876C} = {827E0CD3-B72D-47B6-A68D-7590B98EB39B}
		{729E2808-1931-4D80-BD4B-10DA3318A9B7} = {827E0CD3-B72D-47B6-A68D-7590B98EB39B}
		{89BDC062-6917-419A-BD43-B82DB3FC0923} = {0AB3BF05-4346-4AA6-1389-037BE0695223}
		{D45609B4-C722-4BA8-94C5-CA91951A3EF9} = {0AB3BF05-4346-4AA6-1389-037BE0695223}
	EndGlobalSection
EndGlobal
